lockfileVersion: '9.0'

settings:
  autoInstallPeers: true
  excludeLinksFromLockfile: false

importers:

  .:
    dependencies:
      '@safe-engine/core':
        specifier: '*'
        version: 2.1.3
      '@safe-engine/pixi':
        specifier: '*'
        version: 8.1.4
      entityx-ts:
        specifier: '*'
        version: 2.1.2
      lodash:
        specifier: ^4.17.21
        version: 4.17.21
      pixi.js:
        specifier: ^8.4.0
        version: 8.6.6
    devDependencies:
      typescript:
        specifier: ^5.7.3
        version: 5.7.3

packages:

  '@pixi/colord@2.9.6':
    resolution: {integrity: sha512-nezytU2pw587fQstUu1AsJZDVEynjskwOL+kibwcdxsMBFqPsFFNA7xl0ii/gXuDi6M0xj3mfRJj8pBSc2jCfA==}

  '@pixi/ui@2.2.0':
    resolution: {integrity: sha512-+DB7neWRA8pADnZAWtPKceo2TuGWnOJYiluie0ETZ2sZhpMRVtsXqORXLWrwVNO+qp+qVhEPXv3mvzXmRy33lQ==}
    peerDependencies:
      pixi.js: ^8.6.2

  '@safe-engine/core@2.1.3':
    resolution: {integrity: sha512-wBMu0Tf4JyX8fC/T8RDxsC4XdVZX6CFPCVGLxKRWq7url8CT3uiWOieeAZta4lKb0afk6tXepYMJVh6+hK99kw==}

  '@safe-engine/pixi@8.1.4':
    resolution: {integrity: sha512-QtV6vHPT3hbCfa5d20nh6HS6jqOEjPthcRKw3gDTQZdumwqq3jsPjDHI1ZyKX3340Zbxyxlm3eZK+xkIDX0lqQ==}

  '@types/css-font-loading-module@0.0.12':
    resolution: {integrity: sha512-x2tZZYkSxXqWvTDgveSynfjq/T2HyiZHXb00j/+gy19yp70PHCizM48XFdjBCWH7eHBD0R5i/pw9yMBP/BH5uA==}

  '@types/earcut@2.1.4':
    resolution: {integrity: sha512-qp3m9PPz4gULB9MhjGID7wpo3gJ4bTGXm7ltNDsmOvsPduTeHp8wSW9YckBj3mljeOh4F0m2z/0JKAALRKbmLQ==}

  '@webgpu/types@0.1.53':
    resolution: {integrity: sha512-x+BLw/opaz9LiVyrMsP75nO1Rg0QfrACUYIbVSfGwY/w0DiWIPYYrpte6us//KZXinxFAOJl0+C17L1Vi2vmDw==}

  '@xmldom/xmldom@0.8.10':
    resolution: {integrity: sha512-2WALfTl4xo2SkGCYRt6rDTFfk9R1czmBvUQy12gK2KuRKIpWEhcbbzy8EZXtz/jkRqHX8bFEc6FC1HjX4TUWYw==}
    engines: {node: '>=10.0.0'}

  earcut@2.2.4:
    resolution: {integrity: sha512-/pjZsA1b4RPHbeWZQn66SWS8nZZWLQQ23oE3Eam7aroEFGEvwKAsJfZ9ytiEMycfzXWpca4FA9QIOehf7PocBQ==}

  entityx-ts@2.1.2:
    resolution: {integrity: sha512-pBWy6SqLR0+1oNnuaNIgrOzUU2ej0l9iS15wF0tagyVyf+RZkotcyv/Li781ve60X6BB5BFR69vX+VGukF9AiA==}

  eventemitter3@5.0.1:
    resolution: {integrity: sha512-GWkBvjiSZK87ELrYOSESUYeVIc9mvLLf/nXalMOS5dYrgZq9o5OVkbZAVM06CVxYsCwH9BDZFPlQTlPA1j4ahA==}

  ismobilejs@1.1.1:
    resolution: {integrity: sha512-VaFW53yt8QO61k2WJui0dHf4SlL8lxBofUuUmwBo0ljPk0Drz2TiuDW4jo3wDcv41qy/SxrJ+VAzJ/qYqsmzRw==}

  lodash@4.17.21:
    resolution: {integrity: sha512-v2kDEe57lecTulaDIuNTPy3Ry4gLGJ6Z1O3vE1krgXZNrsQ+LFTGHVxVjcXPs17LhbZVGedAJv8XZ1tvj5FvSg==}

  parse-svg-path@0.1.2:
    resolution: {integrity: sha512-JyPSBnkTJ0AI8GGJLfMXvKq42cj5c006fnLz6fXy6zfoVjJizi8BNTpu8on8ziI1cKy9d9DGNuY17Ce7wuejpQ==}

  pixi-action-ease@2.0.1:
    resolution: {integrity: sha512-qSpd7QEIXVxpETFZ8Z+VlRN7uyg7ov942485hgynu4EY8swbVo0paVDPr6GwrSUM56CW6bDu9R0/tRF/Ku0Edg==}

  pixi.js@8.6.6:
    resolution: {integrity: sha512-o5pw7G2yuIrnBx0G4npBlmFp+XGNcapI/Ufs62rRj/4XKxc1Zo74YJr/BtEXcXTraTKd+pQvYOLvnfxRjxBMvQ==}

  tweedle.js@2.1.0:
    resolution: {integrity: sha512-0ReQgVjepoZkE6t0upWNgCRbplHkQJQYk1LStXugwSR728GLFmGDRuaQJlxeC/iBlxud6+P1RdODjaO25vHAqw==}

  typed-signals@2.5.0:
    resolution: {integrity: sha512-m9lHc3eBCJerXYdx+G0uWZihyUXdqTzzgOdqiDDsoUo75WjhFJH6vP5/6w/xhyu04zoxHUqgYhf9FEt85dk/Ng==}

  typescript@5.7.3:
    resolution: {integrity: sha512-84MVSjMEHP+FQRPy3pX9sTVV/INIex71s9TL2Gm5FG/WG1SqXeKyZ0k7/blY/4FdOzI12CBy1vGc4og/eus0fw==}
    engines: {node: '>=14.17'}
    hasBin: true

snapshots:

  '@pixi/colord@2.9.6': {}

  '@pixi/ui@2.2.0(pixi.js@8.6.6)':
    dependencies:
      pixi.js: 8.6.6
      tweedle.js: 2.1.0
      typed-signals: 2.5.0

  '@safe-engine/core@2.1.3':
    dependencies:
      entityx-ts: 2.1.2

  '@safe-engine/pixi@8.1.4':
    dependencies:
      '@pixi/ui': 2.2.0(pixi.js@8.6.6)
      '@safe-engine/core': 2.1.3
      entityx-ts: 2.1.2
      lodash: 4.17.21
      pixi-action-ease: 2.0.1
      pixi.js: 8.6.6

  '@types/css-font-loading-module@0.0.12': {}

  '@types/earcut@2.1.4': {}

  '@webgpu/types@0.1.53': {}

  '@xmldom/xmldom@0.8.10': {}

  earcut@2.2.4: {}

  entityx-ts@2.1.2: {}

  eventemitter3@5.0.1: {}

  ismobilejs@1.1.1: {}

  lodash@4.17.21: {}

  parse-svg-path@0.1.2: {}

  pixi-action-ease@2.0.1:
    dependencies:
      pixi.js: 8.6.6

  pixi.js@8.6.6:
    dependencies:
      '@pixi/colord': 2.9.6
      '@types/css-font-loading-module': 0.0.12
      '@types/earcut': 2.1.4
      '@webgpu/types': 0.1.53
      '@xmldom/xmldom': 0.8.10
      earcut: 2.2.4
      eventemitter3: 5.0.1
      ismobilejs: 1.1.1
      parse-svg-path: 0.1.2

  tweedle.js@2.1.0: {}

  typed-signals@2.5.0: {}

  typescript@5.7.3: {}
